PODS:
  - Alamofire (5.2.1)
  - EmbraceIO (4.2.2)

DEPENDENCIES:
  - Alamofire
  - EmbraceIO

SPEC REPOS:
  trunk:
    - Alamofire
    - EmbraceIO

SPEC CHECKSUMS:
  Alamofire: e911732990610fe89af59ac0077f923d72dc3dfd
  EmbraceIO: 687cd29195eca5ff07447d7dd006c2608d04349b

PODFILE CHECKSUM: 95d99f075583e935b51e5334317040bee69bc754

COCOAPODS: 1.9.3
